// !$*UTF8*$!
{
	archiveVersion = 1;
	classes = {
	};
	objectVersion = 50;
	objects = {

/* Begin PBXBuildFile section */
		B4E5F9840934FECA47214B1D /* Pods_FoursquareRedux.framework in Frameworks */ = {isa = PBXBuildFile; fileRef = 22DA403F5239E666C5A790A7 /* Pods_FoursquareRedux.framework */; };
		F850793D22104E7A005DA258 /* AppDelegate.swift in Sources */ = {isa = PBXBuildFile; fileRef = F850793C22104E7A005DA258 /* AppDelegate.swift */; };
		F850794422104E7C005DA258 /* Assets.xcassets in Resources */ = {isa = PBXBuildFile; fileRef = F850794322104E7C005DA258 /* Assets.xcassets */; };
		F850795122104EAD005DA258 /* Permissions.swift in Sources */ = {isa = PBXBuildFile; fileRef = F850794E22104EAD005DA258 /* Permissions.swift */; };
		F850795222104EAD005DA258 /* Redux.swift in Sources */ = {isa = PBXBuildFile; fileRef = F850794F22104EAD005DA258 /* Redux.swift */; };
		F850795322104EAD005DA258 /* Constant.swift in Sources */ = {isa = PBXBuildFile; fileRef = F850795022104EAD005DA258 /* Constant.swift */; };
		F850798522104F10005DA258 /* Location.swift in Sources */ = {isa = PBXBuildFile; fileRef = F850796122104F10005DA258 /* Location.swift */; };
		F850798622104F10005DA258 /* FoursquareLocation.swift in Sources */ = {isa = PBXBuildFile; fileRef = F850796222104F10005DA258 /* FoursquareLocation.swift */; };
		F850798722104F10005DA258 /* Observer.swift in Sources */ = {isa = PBXBuildFile; fileRef = F850796422104F10005DA258 /* Observer.swift */; };
		F850798922104F10005DA258 /* FoursquareState.swift in Sources */ = {isa = PBXBuildFile; fileRef = F850796622104F10005DA258 /* FoursquareState.swift */; };
		F850798C22104F10005DA258 /* LaunchScreen.storyboard in Resources */ = {isa = PBXBuildFile; fileRef = F850796A22104F10005DA258 /* LaunchScreen.storyboard */; };
		F850798D22104F10005DA258 /* Location.storyboard in Resources */ = {isa = PBXBuildFile; fileRef = F850796C22104F10005DA258 /* Location.storyboard */; };
		F850798E22104F10005DA258 /* LocationDetailsVC.swift in Sources */ = {isa = PBXBuildFile; fileRef = F850797022104F10005DA258 /* LocationDetailsVC.swift */; };
		F850798F22104F10005DA258 /* LocationVC.swift in Sources */ = {isa = PBXBuildFile; fileRef = F850797122104F10005DA258 /* LocationVC.swift */; };
		F850799022104F10005DA258 /* LocationCell.swift in Sources */ = {isa = PBXBuildFile; fileRef = F850797222104F10005DA258 /* LocationCell.swift */; };
		F850799122104F10005DA258 /* LocationDetailsCell.swift in Sources */ = {isa = PBXBuildFile; fileRef = F850797322104F10005DA258 /* LocationDetailsCell.swift */; };
		F850799222104F10005DA258 /* LoaderCell.swift in Sources */ = {isa = PBXBuildFile; fileRef = F850797522104F10005DA258 /* LoaderCell.swift */; };
		F850799322104F10005DA258 /* PermissionCell.swift in Sources */ = {isa = PBXBuildFile; fileRef = F850797622104F10005DA258 /* PermissionCell.swift */; };
		F850799422104F10005DA258 /* BaseCell.swift in Sources */ = {isa = PBXBuildFile; fileRef = F850797722104F10005DA258 /* BaseCell.swift */; };
		F850799522104F10005DA258 /* SingleRequest.swift in Sources */ = {isa = PBXBuildFile; fileRef = F850797922104F10005DA258 /* SingleRequest.swift */; };
		F850799622104F10005DA258 /* Response.swift in Sources */ = {isa = PBXBuildFile; fileRef = F850797A22104F10005DA258 /* Response.swift */; };
		F850799722104F10005DA258 /* Repository.swift in Sources */ = {isa = PBXBuildFile; fileRef = F850797B22104F10005DA258 /* Repository.swift */; };
		F850799822104F10005DA258 /* Request.swift in Sources */ = {isa = PBXBuildFile; fileRef = F850797C22104F10005DA258 /* Request.swift */; };
		F850799922104F10005DA258 /* API.swift in Sources */ = {isa = PBXBuildFile; fileRef = F850797D22104F10005DA258 /* API.swift */; };
		F850799A22104F10005DA258 /* ListRequest.swift in Sources */ = {isa = PBXBuildFile; fileRef = F850797E22104F10005DA258 /* ListRequest.swift */; };
		F850799B22104F10005DA258 /* LocationCell.xib in Resources */ = {isa = PBXBuildFile; fileRef = F850798022104F10005DA258 /* LocationCell.xib */; };
		F850799C22104F10005DA258 /* LocationDetailsCell.xib in Resources */ = {isa = PBXBuildFile; fileRef = F850798122104F10005DA258 /* LocationDetailsCell.xib */; };
		F850799D22104F10005DA258 /* LocationTitleCell.xib in Resources */ = {isa = PBXBuildFile; fileRef = F850798222104F10005DA258 /* LocationTitleCell.xib */; };
		F850799E22104F10005DA258 /* PermissionCell.xib in Resources */ = {isa = PBXBuildFile; fileRef = F850798322104F10005DA258 /* PermissionCell.xib */; };
		F850799F22104F10005DA258 /* LoaderCell.xib in Resources */ = {isa = PBXBuildFile; fileRef = F850798422104F10005DA258 /* LoaderCell.xib */; };
		F85079A32210A1AF005DA258 /* LocationDetailsVM.swift in Sources */ = {isa = PBXBuildFile; fileRef = F85079A02210A1AF005DA258 /* LocationDetailsVM.swift */; };
		F85079A42210A1AF005DA258 /* LocationVM.swift in Sources */ = {isa = PBXBuildFile; fileRef = F85079A12210A1AF005DA258 /* LocationVM.swift */; };
		F85079A52210A1AF005DA258 /* BaseVM.swift in Sources */ = {isa = PBXBuildFile; fileRef = F85079A22210A1AF005DA258 /* BaseVM.swift */; };
		F85079AA22111593005DA258 /* LocationRepository.swift in Sources */ = {isa = PBXBuildFile; fileRef = F85079A922111593005DA258 /* LocationRepository.swift */; };
/* End PBXBuildFile section */

/* Begin PBXFileReference section */
		0831DCA10D379D5945447C7E /* Pods-FoursquareRedux.debug.xcconfig */ = {isa = PBXFileReference; includeInIndex = 1; lastKnownFileType = text.xcconfig; name = "Pods-FoursquareRedux.debug.xcconfig"; path = "Pods/Target Support Files/Pods-FoursquareRedux/Pods-FoursquareRedux.debug.xcconfig"; sourceTree = "<group>"; };
		22DA403F5239E666C5A790A7 /* Pods_FoursquareRedux.framework */ = {isa = PBXFileReference; explicitFileType = wrapper.framework; includeInIndex = 0; path = Pods_FoursquareRedux.framework; sourceTree = BUILT_PRODUCTS_DIR; };
		F850793922104E7A005DA258 /* FoursquareRedux.app */ = {isa = PBXFileReference; explicitFileType = wrapper.application; includeInIndex = 0; path = FoursquareRedux.app; sourceTree = BUILT_PRODUCTS_DIR; };
		F850793C22104E7A005DA258 /* AppDelegate.swift */ = {isa = PBXFileReference; lastKnownFileType = sourcecode.swift; path = AppDelegate.swift; sourceTree = "<group>"; };
		F850794322104E7C005DA258 /* Assets.xcassets */ = {isa = PBXFileReference; lastKnownFileType = folder.assetcatalog; path = Assets.xcassets; sourceTree = "<group>"; };
		F850794822104E7C005DA258 /* Info.plist */ = {isa = PBXFileReference; lastKnownFileType = text.plist.xml; path = Info.plist; sourceTree = "<group>"; };
		F850794E22104EAD005DA258 /* Permissions.swift */ = {isa = PBXFileReference; fileEncoding = 4; lastKnownFileType = sourcecode.swift; path = Permissions.swift; sourceTree = "<group>"; };
		F850794F22104EAD005DA258 /* Redux.swift */ = {isa = PBXFileReference; fileEncoding = 4; lastKnownFileType = sourcecode.swift; path = Redux.swift; sourceTree = "<group>"; };
		F850795022104EAD005DA258 /* Constant.swift */ = {isa = PBXFileReference; fileEncoding = 4; lastKnownFileType = sourcecode.swift; path = Constant.swift; sourceTree = "<group>"; };
		F850796122104F10005DA258 /* Location.swift */ = {isa = PBXFileReference; fileEncoding = 4; lastKnownFileType = sourcecode.swift; path = Location.swift; sourceTree = "<group>"; };
		F850796222104F10005DA258 /* FoursquareLocation.swift */ = {isa = PBXFileReference; fileEncoding = 4; lastKnownFileType = sourcecode.swift; path = FoursquareLocation.swift; sourceTree = "<group>"; };
		F850796422104F10005DA258 /* Observer.swift */ = {isa = PBXFileReference; fileEncoding = 4; lastKnownFileType = sourcecode.swift; path = Observer.swift; sourceTree = "<group>"; };
		F850796622104F10005DA258 /* FoursquareState.swift */ = {isa = PBXFileReference; fileEncoding = 4; lastKnownFileType = sourcecode.swift; path = FoursquareState.swift; sourceTree = "<group>"; };
		F850796B22104F10005DA258 /* Base */ = {isa = PBXFileReference; lastKnownFileType = file.storyboard; name = Base; path = Base.lproj/LaunchScreen.storyboard; sourceTree = "<group>"; };
		F850796D22104F10005DA258 /* Base */ = {isa = PBXFileReference; lastKnownFileType = file.storyboard; name = Base; path = Base.lproj/Location.storyboard; sourceTree = "<group>"; };
		F850797022104F10005DA258 /* LocationDetailsVC.swift */ = {isa = PBXFileReference; fileEncoding = 4; lastKnownFileType = sourcecode.swift; path = LocationDetailsVC.swift; sourceTree = "<group>"; };
		F850797122104F10005DA258 /* LocationVC.swift */ = {isa = PBXFileReference; fileEncoding = 4; lastKnownFileType = sourcecode.swift; path = LocationVC.swift; sourceTree = "<group>"; };
		F850797222104F10005DA258 /* LocationCell.swift */ = {isa = PBXFileReference; fileEncoding = 4; lastKnownFileType = sourcecode.swift; path = LocationCell.swift; sourceTree = "<group>"; };
		F850797322104F10005DA258 /* LocationDetailsCell.swift */ = {isa = PBXFileReference; fileEncoding = 4; lastKnownFileType = sourcecode.swift; path = LocationDetailsCell.swift; sourceTree = "<group>"; };
		F850797522104F10005DA258 /* LoaderCell.swift */ = {isa = PBXFileReference; fileEncoding = 4; lastKnownFileType = sourcecode.swift; path = LoaderCell.swift; sourceTree = "<group>"; };
		F850797622104F10005DA258 /* PermissionCell.swift */ = {isa = PBXFileReference; fileEncoding = 4; lastKnownFileType = sourcecode.swift; path = PermissionCell.swift; sourceTree = "<group>"; };
		F850797722104F10005DA258 /* BaseCell.swift */ = {isa = PBXFileReference; fileEncoding = 4; lastKnownFileType = sourcecode.swift; path = BaseCell.swift; sourceTree = "<group>"; };
		F850797922104F10005DA258 /* SingleRequest.swift */ = {isa = PBXFileReference; fileEncoding = 4; lastKnownFileType = sourcecode.swift; path = SingleRequest.swift; sourceTree = "<group>"; };
		F850797A22104F10005DA258 /* Response.swift */ = {isa = PBXFileReference; fileEncoding = 4; lastKnownFileType = sourcecode.swift; path = Response.swift; sourceTree = "<group>"; };
		F850797B22104F10005DA258 /* Repository.swift */ = {isa = PBXFileReference; fileEncoding = 4; lastKnownFileType = sourcecode.swift; path = Repository.swift; sourceTree = "<group>"; };
		F850797C22104F10005DA258 /* Request.swift */ = {isa = PBXFileReference; fileEncoding = 4; lastKnownFileType = sourcecode.swift; path = Request.swift; sourceTree = "<group>"; };
		F850797D22104F10005DA258 /* API.swift */ = {isa = PBXFileReference; fileEncoding = 4; lastKnownFileType = sourcecode.swift; path = API.swift; sourceTree = "<group>"; };
		F850797E22104F10005DA258 /* ListRequest.swift */ = {isa = PBXFileReference; fileEncoding = 4; lastKnownFileType = sourcecode.swift; path = ListRequest.swift; sourceTree = "<group>"; };
		F850798022104F10005DA258 /* LocationCell.xib */ = {isa = PBXFileReference; fileEncoding = 4; lastKnownFileType = file.xib; path = LocationCell.xib; sourceTree = "<group>"; };
		F850798122104F10005DA258 /* LocationDetailsCell.xib */ = {isa = PBXFileReference; fileEncoding = 4; lastKnownFileType = file.xib; path = LocationDetailsCell.xib; sourceTree = "<group>"; };
		F850798222104F10005DA258 /* LocationTitleCell.xib */ = {isa = PBXFileReference; fileEncoding = 4; lastKnownFileType = file.xib; path = LocationTitleCell.xib; sourceTree = "<group>"; };
		F850798322104F10005DA258 /* PermissionCell.xib */ = {isa = PBXFileReference; fileEncoding = 4; lastKnownFileType = file.xib; path = PermissionCell.xib; sourceTree = "<group>"; };
		F850798422104F10005DA258 /* LoaderCell.xib */ = {isa = PBXFileReference; fileEncoding = 4; lastKnownFileType = file.xib; path = LoaderCell.xib; sourceTree = "<group>"; };
		F85079A02210A1AF005DA258 /* LocationDetailsVM.swift */ = {isa = PBXFileReference; fileEncoding = 4; lastKnownFileType = sourcecode.swift; path = LocationDetailsVM.swift; sourceTree = "<group>"; };
		F85079A12210A1AF005DA258 /* LocationVM.swift */ = {isa = PBXFileReference; fileEncoding = 4; lastKnownFileType = sourcecode.swift; path = LocationVM.swift; sourceTree = "<group>"; };
		F85079A22210A1AF005DA258 /* BaseVM.swift */ = {isa = PBXFileReference; fileEncoding = 4; lastKnownFileType = sourcecode.swift; path = BaseVM.swift; sourceTree = "<group>"; };
		F85079A922111593005DA258 /* LocationRepository.swift */ = {isa = PBXFileReference; lastKnownFileType = sourcecode.swift; path = LocationRepository.swift; sourceTree = "<group>"; };
		F8C7B0EB787F97089658F002 /* Pods-FoursquareRedux.release.xcconfig */ = {isa = PBXFileReference; includeInIndex = 1; lastKnownFileType = text.xcconfig; name = "Pods-FoursquareRedux.release.xcconfig"; path = "Pods/Target Support Files/Pods-FoursquareRedux/Pods-FoursquareRedux.release.xcconfig"; sourceTree = "<group>"; };
/* End PBXFileReference section */

/* Begin PBXFrameworksBuildPhase section */
		F850793622104E7A005DA258 /* Frameworks */ = {
			isa = PBXFrameworksBuildPhase;
			buildActionMask = 2147483647;
			files = (
				B4E5F9840934FECA47214B1D /* Pods_FoursquareRedux.framework in Frameworks */,
			);
			runOnlyForDeploymentPostprocessing = 0;
		};
/* End PBXFrameworksBuildPhase section */

/* Begin PBXGroup section */
		BF828D5867456785BFD7C4DF /* Frameworks */ = {
			isa = PBXGroup;
			children = (
				22DA403F5239E666C5A790A7 /* Pods_FoursquareRedux.framework */,
			);
			name = Frameworks;
			sourceTree = "<group>";
		};
		E38071016564492FCB369B77 /* Pods */ = {
			isa = PBXGroup;
			children = (
				0831DCA10D379D5945447C7E /* Pods-FoursquareRedux.debug.xcconfig */,
				F8C7B0EB787F97089658F002 /* Pods-FoursquareRedux.release.xcconfig */,
			);
			name = Pods;
			sourceTree = "<group>";
		};
		F850793022104E7A005DA258 = {
			isa = PBXGroup;
			children = (
				F850793B22104E7A005DA258 /* FoursquareRedux */,
				F850793A22104E7A005DA258 /* Products */,
				E38071016564492FCB369B77 /* Pods */,
				BF828D5867456785BFD7C4DF /* Frameworks */,
			);
			sourceTree = "<group>";
		};
		F850793A22104E7A005DA258 /* Products */ = {
			isa = PBXGroup;
			children = (
				F850793922104E7A005DA258 /* FoursquareRedux.app */,
			);
			name = Products;
			sourceTree = "<group>";
		};
		F850793B22104E7A005DA258 /* FoursquareRedux */ = {
			isa = PBXGroup;
			children = (
				F850795022104EAD005DA258 /* Constant.swift */,
				F850794E22104EAD005DA258 /* Permissions.swift */,
				F850794F22104EAD005DA258 /* Redux.swift */,
				F850793C22104E7A005DA258 /* AppDelegate.swift */,
				F850796022104F10005DA258 /* Models */,
				F850797822104F10005DA258 /* Networking */,
				F850796922104F10005DA258 /* Storyboards */,
				F850796322104F10005DA258 /* Viewmodels */,
				F850796E22104F10005DA258 /* Views */,
				F850797F22104F10005DA258 /* XIBs */,
				F850794322104E7C005DA258 /* Assets.xcassets */,
				F850794822104E7C005DA258 /* Info.plist */,
			);
			path = FoursquareRedux;
			sourceTree = "<group>";
		};
		F850796022104F10005DA258 /* Models */ = {
			isa = PBXGroup;
			children = (
				F850796122104F10005DA258 /* Location.swift */,
				F850796222104F10005DA258 /* FoursquareLocation.swift */,
			);
			path = Models;
			sourceTree = "<group>";
		};
		F850796322104F10005DA258 /* Viewmodels */ = {
			isa = PBXGroup;
			children = (
				F85079A22210A1AF005DA258 /* BaseVM.swift */,
				F85079A02210A1AF005DA258 /* LocationDetailsVM.swift */,
				F85079A12210A1AF005DA258 /* LocationVM.swift */,
				F850796422104F10005DA258 /* Observer.swift */,
				F850796622104F10005DA258 /* FoursquareState.swift */,
			);
			path = Viewmodels;
			sourceTree = "<group>";
		};
		F850796922104F10005DA258 /* Storyboards */ = {
			isa = PBXGroup;
			children = (
				F850796A22104F10005DA258 /* LaunchScreen.storyboard */,
				F850796C22104F10005DA258 /* Location.storyboard */,
			);
			path = Storyboards;
			sourceTree = "<group>";
		};
		F850796E22104F10005DA258 /* Views */ = {
			isa = PBXGroup;
			children = (
				F850796F22104F10005DA258 /* Location */,
				F850797422104F10005DA258 /* Base */,
			);
			path = Views;
			sourceTree = "<group>";
		};
		F850796F22104F10005DA258 /* Location */ = {
			isa = PBXGroup;
			children = (
				F850797022104F10005DA258 /* LocationDetailsVC.swift */,
				F850797122104F10005DA258 /* LocationVC.swift */,
				F850797222104F10005DA258 /* LocationCell.swift */,
				F850797322104F10005DA258 /* LocationDetailsCell.swift */,
			);
			path = Location;
			sourceTree = "<group>";
		};
		F850797422104F10005DA258 /* Base */ = {
			isa = PBXGroup;
			children = (
				F850797522104F10005DA258 /* LoaderCell.swift */,
				F850797622104F10005DA258 /* PermissionCell.swift */,
				F850797722104F10005DA258 /* BaseCell.swift */,
			);
			path = Base;
			sourceTree = "<group>";
		};
		F850797822104F10005DA258 /* Networking */ = {
			isa = PBXGroup;
			children = (
				F85079A62210A45A005DA258 /* Repositories */,
				F850797922104F10005DA258 /* SingleRequest.swift */,
				F850797A22104F10005DA258 /* Response.swift */,
				F850797C22104F10005DA258 /* Request.swift */,
				F850797D22104F10005DA258 /* API.swift */,
				F850797E22104F10005DA258 /* ListRequest.swift */,
			);
			path = Networking;
			sourceTree = "<group>";
		};
		F850797F22104F10005DA258 /* XIBs */ = {
			isa = PBXGroup;
			children = (
				F850798022104F10005DA258 /* LocationCell.xib */,
				F850798122104F10005DA258 /* LocationDetailsCell.xib */,
				F850798222104F10005DA258 /* LocationTitleCell.xib */,
				F850798322104F10005DA258 /* PermissionCell.xib */,
				F850798422104F10005DA258 /* LoaderCell.xib */,
			);
			path = XIBs;
			sourceTree = "<group>";
		};
		F85079A62210A45A005DA258 /* Repositories */ = {
			isa = PBXGroup;
			children = (
				F850797B22104F10005DA258 /* Repository.swift */,
				F85079A922111593005DA258 /* LocationRepository.swift */,
			);
			path = Repositories;
			sourceTree = "<group>";
		};
/* End PBXGroup section */

/* Begin PBXNativeTarget section */
		F850793822104E7A005DA258 /* FoursquareRedux */ = {
			isa = PBXNativeTarget;
			buildConfigurationList = F850794B22104E7C005DA258 /* Build configuration list for PBXNativeTarget "FoursquareRedux" */;
			buildPhases = (
				12A60A47729FDAB9591A5FE3 /* [CP] Check Pods Manifest.lock */,
				F850793522104E7A005DA258 /* Sources */,
				F850793622104E7A005DA258 /* Frameworks */,
				F850793722104E7A005DA258 /* Resources */,
				1A72D18F4071DADD2B05182A /* [CP] Embed Pods Frameworks */,
			);
			buildRules = (
			);
			dependencies = (
			);
			name = FoursquareRedux;
			productName = FoursquareRedux;
			productReference = F850793922104E7A005DA258 /* FoursquareRedux.app */;
			productType = "com.apple.product-type.application";
		};
/* End PBXNativeTarget section */

/* Begin PBXProject section */
		F850793122104E7A005DA258 /* Project object */ = {
			isa = PBXProject;
			attributes = {
				LastSwiftUpdateCheck = 1010;
				LastUpgradeCheck = 1010;
				ORGANIZATIONNAME = "Mark Christian Buot";
				TargetAttributes = {
					F850793822104E7A005DA258 = {
						CreatedOnToolsVersion = 10.1;
					};
				};
			};
			buildConfigurationList = F850793422104E7A005DA258 /* Build configuration list for PBXProject "FoursquareRedux" */;
			compatibilityVersion = "Xcode 9.3";
			developmentRegion = en;
			hasScannedForEncodings = 0;
			knownRegions = (
				en,
				Base,
			);
			mainGroup = F850793022104E7A005DA258;
			productRefGroup = F850793A22104E7A005DA258 /* Products */;
			projectDirPath = "";
			projectRoot = "";
			targets = (
				F850793822104E7A005DA258 /* FoursquareRedux */,
			);
		};
/* End PBXProject section */

/* Begin PBXResourcesBuildPhase section */
		F850793722104E7A005DA258 /* Resources */ = {
			isa = PBXResourcesBuildPhase;
			buildActionMask = 2147483647;
			files = (
				F850799C22104F10005DA258 /* LocationDetailsCell.xib in Resources */,
				F850799D22104F10005DA258 /* LocationTitleCell.xib in Resources */,
				F850799B22104F10005DA258 /* LocationCell.xib in Resources */,
				F850798D22104F10005DA258 /* Location.storyboard in Resources */,
				F850799F22104F10005DA258 /* LoaderCell.xib in Resources */,
				F850798C22104F10005DA258 /* LaunchScreen.storyboard in Resources */,
				F850794422104E7C005DA258 /* Assets.xcassets in Resources */,
				F850799E22104F10005DA258 /* PermissionCell.xib in Resources */,
			);
			runOnlyForDeploymentPostprocessing = 0;
		};
/* End PBXResourcesBuildPhase section */

/* Begin PBXShellScriptBuildPhase section */
		12A60A47729FDAB9591A5FE3 /* [CP] Check Pods Manifest.lock */ = {
			isa = PBXShellScriptBuildPhase;
			buildActionMask = 2147483647;
			files = (
			);
			inputFileListPaths = (
			);
			inputPaths = (
				"${PODS_PODFILE_DIR_PATH}/Podfile.lock",
				"${PODS_ROOT}/Manifest.lock",
			);
			name = "[CP] Check Pods Manifest.lock";
			outputFileListPaths = (
			);
			outputPaths = (
				"$(DERIVED_FILE_DIR)/Pods-FoursquareRedux-checkManifestLockResult.txt",
			);
			runOnlyForDeploymentPostprocessing = 0;
			shellPath = /bin/sh;
			shellScript = "diff \"${PODS_PODFILE_DIR_PATH}/Podfile.lock\" \"${PODS_ROOT}/Manifest.lock\" > /dev/null\nif [ $? != 0 ] ; then\n    # print error to STDERR\n    echo \"error: The sandbox is not in sync with the Podfile.lock. Run 'pod install' or update your CocoaPods installation.\" >&2\n    exit 1\nfi\n# This output is used by Xcode 'outputs' to avoid re-running this script phase.\necho \"SUCCESS\" > \"${SCRIPT_OUTPUT_FILE_0}\"\n";
			showEnvVarsInLog = 0;
		};
		1A72D18F4071DADD2B05182A /* [CP] Embed Pods Frameworks */ = {
			isa = PBXShellScriptBuildPhase;
			buildActionMask = 2147483647;
			files = (
			);
			inputFileListPaths = (
			);
			inputPaths = (
				"${SRCROOT}/Pods/Target Support Files/Pods-FoursquareRedux/Pods-FoursquareRedux-frameworks.sh",
				"${BUILT_PRODUCTS_DIR}/Networking/Networking.framework",
			);
			name = "[CP] Embed Pods Frameworks";
			outputFileListPaths = (
			);
			outputPaths = (
				"${TARGET_BUILD_DIR}/${FRAMEWORKS_FOLDER_PATH}/Networking.framework",
			);
			runOnlyForDeploymentPostprocessing = 0;
			shellPath = /bin/sh;
			shellScript = "\"${SRCROOT}/Pods/Target Support Files/Pods-FoursquareRedux/Pods-FoursquareRedux-frameworks.sh\"\n";
			showEnvVarsInLog = 0;
		};
/* End PBXShellScriptBuildPhase section */

/* Begin PBXSourcesBuildPhase section */
		F850793522104E7A005DA258 /* Sources */ = {
			isa = PBXSourcesBuildPhase;
			buildActionMask = 2147483647;
			files = (
				F850799422104F10005DA258 /* BaseCell.swift in Sources */,
				F850798722104F10005DA258 /* Observer.swift in Sources */,
				F85079A32210A1AF005DA258 /* LocationDetailsVM.swift in Sources */,
				F850799A22104F10005DA258 /* ListRequest.swift in Sources */,
				F850799122104F10005DA258 /* LocationDetailsCell.swift in Sources */,
				F85079A42210A1AF005DA258 /* LocationVM.swift in Sources */,
				F85079AA22111593005DA258 /* LocationRepository.swift in Sources */,
				F850799722104F10005DA258 /* Repository.swift in Sources */,
				F850798622104F10005DA258 /* FoursquareLocation.swift in Sources */,
				F850799822104F10005DA258 /* Request.swift in Sources */,
				F850799222104F10005DA258 /* LoaderCell.swift in Sources */,
				F850798E22104F10005DA258 /* LocationDetailsVC.swift in Sources */,
				F850799022104F10005DA258 /* LocationCell.swift in Sources */,
				F850799322104F10005DA258 /* PermissionCell.swift in Sources */,
				F85079A52210A1AF005DA258 /* BaseVM.swift in Sources */,
				F850798F22104F10005DA258 /* LocationVC.swift in Sources */,
				F850799622104F10005DA258 /* Response.swift in Sources */,
				F850799522104F10005DA258 /* SingleRequest.swift in Sources */,
				F850795122104EAD005DA258 /* Permissions.swift in Sources */,
				F850795322104EAD005DA258 /* Constant.swift in Sources */,
				F850795222104EAD005DA258 /* Redux.swift in Sources */,
				F850798522104F10005DA258 /* Location.swift in Sources */,
				F850798922104F10005DA258 /* FoursquareState.swift in Sources */,
				F850799922104F10005DA258 /* API.swift in Sources */,
				F850793D22104E7A005DA258 /* AppDelegate.swift in Sources */,
			);
			runOnlyForDeploymentPostprocessing = 0;
		};
/* End PBXSourcesBuildPhase section */

/* Begin PBXVariantGroup section */
		F850796A22104F10005DA258 /* LaunchScreen.storyboard */ = {
			isa = PBXVariantGroup;
			children = (
				F850796B22104F10005DA258 /* Base */,
			);
			name = LaunchScreen.storyboard;
			sourceTree = "<group>";
		};
		F850796C22104F10005DA258 /* Location.storyboard */ = {
			isa = PBXVariantGroup;
			children = (
				F850796D22104F10005DA258 /* Base */,
			);
			name = Location.storyboard;
			sourceTree = "<group>";
		};
/* End PBXVariantGroup section */

/* Begin XCBuildConfiguration section */
		F850794922104E7C005DA258 /* Debug */ = {
			isa = XCBuildConfiguration;
			buildSettings = {
				ALWAYS_SEARCH_USER_PATHS = NO;
				CLANG_ANALYZER_NONNULL = YES;
				CLANG_ANALYZER_NUMBER_OBJECT_CONVERSION = YES_AGGRESSIVE;
				CLANG_CXX_LANGUAGE_STANDARD = "gnu++14";
				CLANG_CXX_LIBRARY = "libc++";
				CLANG_ENABLE_MODULES = YES;
				CLANG_ENABLE_OBJC_ARC = YES;
				CLANG_ENABLE_OBJC_WEAK = YES;
				CLANG_WARN_BLOCK_CAPTURE_AUTORELEASING = YES;
				CLANG_WARN_BOOL_CONVERSION = YES;
				CLANG_WARN_COMMA = YES;
				CLANG_WARN_CONSTANT_CONVERSION = YES;
				CLANG_WARN_DEPRECATED_OBJC_IMPLEMENTATIONS = YES;
				CLANG_WARN_DIRECT_OBJC_ISA_USAGE = YES_ERROR;
				CLANG_WARN_DOCUMENTATION_COMMENTS = YES;
				CLANG_WARN_EMPTY_BODY = YES;
				CLANG_WARN_ENUM_CONVERSION = YES;
				CLANG_WARN_INFINITE_RECURSION = YES;
				CLANG_WARN_INT_CONVERSION = YES;
				CLANG_WARN_NON_LITERAL_NULL_CONVERSION = YES;
				CLANG_WARN_OBJC_IMPLICIT_RETAIN_SELF = YES;
				CLANG_WARN_OBJC_LITERAL_CONVERSION = YES;
				CLANG_WARN_OBJC_ROOT_CLASS = YES_ERROR;
				CLANG_WARN_RANGE_LOOP_ANALYSIS = YES;
				CLANG_WARN_STRICT_PROTOTYPES = YES;
				CLANG_WARN_SUSPICIOUS_MOVE = YES;
				CLANG_WARN_UNGUARDED_AVAILABILITY = YES_AGGRESSIVE;
				CLANG_WARN_UNREACHABLE_CODE = YES;
				CLANG_WARN__DUPLICATE_METHOD_MATCH = YES;
				CODE_SIGN_IDENTITY = "iPhone Developer";
				COPY_PHASE_STRIP = NO;
				DEBUG_INFORMATION_FORMAT = dwarf;
				ENABLE_STRICT_OBJC_MSGSEND = YES;
				ENABLE_TESTABILITY = YES;
				GCC_C_LANGUAGE_STANDARD = gnu11;
				GCC_DYNAMIC_NO_PIC = NO;
				GCC_NO_COMMON_BLOCKS = YES;
				GCC_OPTIMIZATION_LEVEL = 0;
				GCC_PREPROCESSOR_DEFINITIONS = (
					"DEBUG=1",
					"$(inherited)",
				);
				GCC_WARN_64_TO_32_BIT_CONVERSION = YES;
				GCC_WARN_ABOUT_RETURN_TYPE = YES_ERROR;
				GCC_WARN_UNDECLARED_SELECTOR = YES;
				GCC_WARN_UNINITIALIZED_AUTOS = YES_AGGRESSIVE;
				GCC_WARN_UNUSED_FUNCTION = YES;
				GCC_WARN_UNUSED_VARIABLE = YES;
				IPHONEOS_DEPLOYMENT_TARGET = 12.1;
				MTL_ENABLE_DEBUG_INFO = INCLUDE_SOURCE;
				MTL_FAST_MATH = YES;
				ONLY_ACTIVE_ARCH = YES;
				SDKROOT = iphoneos;
				SWIFT_ACTIVE_COMPILATION_CONDITIONS = DEBUG;
				SWIFT_OPTIMIZATION_LEVEL = "-Onone";
			};
			name = Debug;
		};
		F850794A22104E7C005DA258 /* Release */ = {
			isa = XCBuildConfiguration;
			buildSettings = {
				ALWAYS_SEARCH_USER_PATHS = NO;
				CLANG_ANALYZER_NONNULL = YES;
				CLANG_ANALYZER_NUMBER_OBJECT_CONVERSION = YES_AGGRESSIVE;
				CLANG_CXX_LANGUAGE_STANDARD = "gnu++14";
				CLANG_CXX_LIBRARY = "libc++";
				CLANG_ENABLE_MODULES = YES;
				CLANG_ENABLE_OBJC_ARC = YES;
				CLANG_ENABLE_OBJC_WEAK = YES;
				CLANG_WARN_BLOCK_CAPTURE_AUTORELEASING = YES;
				CLANG_WARN_BOOL_CONVERSION = YES;
				CLANG_WARN_COMMA = YES;
				CLANG_WARN_CONSTANT_CONVERSION = YES;
				CLANG_WARN_DEPRECATED_OBJC_IMPLEMENTATIONS = YES;
				CLANG_WARN_DIRECT_OBJC_ISA_USAGE = YES_ERROR;
				CLANG_WARN_DOCUMENTATION_COMMENTS = YES;
				CLANG_WARN_EMPTY_BODY = YES;
				CLANG_WARN_ENUM_CONVERSION = YES;
				CLANG_WARN_INFINITE_RECURSION = YES;
				CLANG_WARN_INT_CONVERSION = YES;
				CLANG_WARN_NON_LITERAL_NULL_CONVERSION = YES;
				CLANG_WARN_OBJC_IMPLICIT_RETAIN_SELF = YES;
				CLANG_WARN_OBJC_LITERAL_CONVERSION = YES;
				CLANG_WARN_OBJC_ROOT_CLASS = YES_ERROR;
				CLANG_WARN_RANGE_LOOP_ANALYSIS = YES;
				CLANG_WARN_STRICT_PROTOTYPES = YES;
				CLANG_WARN_SUSPICIOUS_MOVE = YES;
				CLANG_WARN_UNGUARDED_AVAILABILITY = YES_AGGRESSIVE;
				CLANG_WARN_UNREACHABLE_CODE = YES;
				CLANG_WARN__DUPLICATE_METHOD_MATCH = YES;
				CODE_SIGN_IDENTITY = "iPhone Developer";
				COPY_PHASE_STRIP = NO;
				DEBUG_INFORMATION_FORMAT = "dwarf-with-dsym";
				ENABLE_NS_ASSERTIONS = NO;
				ENABLE_STRICT_OBJC_MSGSEND = YES;
				GCC_C_LANGUAGE_STANDARD = gnu11;
				GCC_NO_COMMON_BLOCKS = YES;
				GCC_WARN_64_TO_32_BIT_CONVERSION = YES;
				GCC_WARN_ABOUT_RETURN_TYPE = YES_ERROR;
				GCC_WARN_UNDECLARED_SELECTOR = YES;
				GCC_WARN_UNINITIALIZED_AUTOS = YES_AGGRESSIVE;
				GCC_WARN_UNUSED_FUNCTION = YES;
				GCC_WARN_UNUSED_VARIABLE = YES;
				IPHONEOS_DEPLOYMENT_TARGET = 12.1;
				MTL_ENABLE_DEBUG_INFO = NO;
				MTL_FAST_MATH = YES;
				SDKROOT = iphoneos;
				SWIFT_COMPILATION_MODE = wholemodule;
				SWIFT_OPTIMIZATION_LEVEL = "-O";
				VALIDATE_PRODUCT = YES;
			};
			name = Release;
		};
		F850794C22104E7C005DA258 /* Debug */ = {
			isa = XCBuildConfiguration;
			baseConfigurationReference = 0831DCA10D379D5945447C7E /* Pods-FoursquareRedux.debug.xcconfig */;
			buildSettings = {
				ASSETCATALOG_COMPILER_APPICON_NAME = AppIcon;
				CODE_SIGN_STYLE = Automatic;
				DEVELOPMENT_TEAM = FQW794VJB9;
				INFOPLIST_FILE = FoursquareRedux/Info.plist;
				LD_RUNPATH_SEARCH_PATHS = (
					"$(inherited)",
					"@executable_path/Frameworks",
				);
				PRODUCT_BUNDLE_IDENTIFIER = com.morph.FoursquareRedux;
				PRODUCT_NAME = "$(TARGET_NAME)";
				SWIFT_VERSION = 4.2;
				TARGETED_DEVICE_FAMILY = "1,2";
			};
			name = Debug;
		};
		F850794D22104E7C005DA258 /* Release */ = {
			isa = XCBuildConfiguration;
			baseConfigurationReference = F8C7B0EB787F97089658F002 /* Pods-FoursquareRedux.release.xcconfig */;
			buildSettings = {
				ASSETCATALOG_COMPILER_APPICON_NAME = AppIcon;
				CODE_SIGN_STYLE = Automatic;
				DEVELOPMENT_TEAM = FQW794VJB9;
				INFOPLIST_FILE = FoursquareRedux/Info.plist;
				LD_RUNPATH_SEARCH_PATHS = (
					"$(inherited)",
					"@executable_path/Frameworks",
				);
				PRODUCT_BUNDLE_IDENTIFIER = com.morph.FoursquareRedux;
				PRODUCT_NAME = "$(TARGET_NAME)";
				SWIFT_VERSION = 4.2;
				TARGETED_DEVICE_FAMILY = "1,2";
			};
			name = Release;
		};
/* End XCBuildConfiguration section */

/* Begin XCConfigurationList section */
		F850793422104E7A005DA258 /* Build configuration list for PBXProject "FoursquareRedux" */ = {
			isa = XCConfigurationList;
			buildConfigurations = (
				F850794922104E7C005DA258 /* Debug */,
				F850794A22104E7C005DA258 /* Release */,
			);
			defaultConfigurationIsVisible = 0;
			defaultConfigurationName = Release;
		};
		F850794B22104E7C005DA258 /* Build configuration list for PBXNativeTarget "FoursquareRedux" */ = {
			isa = XCConfigurationList;
			buildConfigurations = (
				F850794C22104E7C005DA258 /* Debug */,
				F850794D22104E7C005DA258 /* Release */,
			);
			defaultConfigurationIsVisible = 0;
			defaultConfigurationName = Release;
		};
/* End XCConfigurationList section */
	};
	rootObject = F850793122104E7A005DA258 /* Project object */;
}
